
Microsoft Visual Studio Solution File, Format Version 12.00
# Visual Studio Version 17
VisualStudioVersion = 17.11.35222.181
MinimumVisualStudioVersion = 10.0.40219.1
Project("{FAE04EC0-301F-11D3-BF4B-00C04F79EFBC}") = "GYakorlas", "GYakorlas\GYakorlas.csproj", "{623CCF12-2DD0-4CF7-982D-E1F52BDC6243}"
EndProject
Global
	GlobalSection(SolutionConfigurationPlatforms) = preSolution
		Debug|Any CPU = Debug|Any CPU
		Release|Any CPU = Release|Any CPU
	EndGlobalSection
	GlobalSection(ProjectConfigurationPlatforms) = postSolution
		{623CCF12-2DD0-4CF7-982D-E1F52BDC6243}.Debug|Any CPU.ActiveCfg = Debug|Any CPU
		{623CCF12-2DD0-4CF7-982D-E1F52BDC6243}.Debug|Any CPU.Build.0 = Debug|Any CPU
		{623CCF12-2DD0-4CF7-982D-E1F52BDC6243}.Release|Any CPU.ActiveCfg = Release|Any CPU
		{623CCF12-2DD0-4CF7-982D-E1F52BDC6243}.Release|Any CPU.Build.0 = Release|Any CPU
	EndGlobalSection
	GlobalSection(SolutionProperties) = preSolution
		HideSolutionNode = FALSE
	EndGlobalSection
	GlobalSection(ExtensibilityGlobals) = postSolution
		SolutionGuid = {6BCD71F8-F1CD-477F-AEA0-5514ED7F2056}
	EndGlobalSection
EndGlobal
