
Microsoft Visual Studio Solution File, Format Version 12.00
# Visual Studio Version 17
VisualStudioVersion = 17.11.35222.181
MinimumVisualStudioVersion = 10.0.40219.1
Project("{FAE04EC0-301F-11D3-BF4B-00C04F79EFBC}") = "Hunting", "Hunting\Hunting.csproj", "{D18365F6-1EAB-4493-8269-FA44EC124924}"
EndProject
Global
	GlobalSection(SolutionConfigurationPlatforms) = preSolution
		Debug|Any CPU = Debug|Any CPU
		Release|Any CPU = Release|Any CPU
	EndGlobalSection
	GlobalSection(ProjectConfigurationPlatforms) = postSolution
		{D18365F6-1EAB-4493-8269-FA44EC124924}.Debug|Any CPU.ActiveCfg = Debug|Any CPU
		{D18365F6-1EAB-4493-8269-FA44EC124924}.Debug|Any CPU.Build.0 = Debug|Any CPU
		{D18365F6-1EAB-4493-8269-FA44EC124924}.Release|Any CPU.ActiveCfg = Release|Any CPU
		{D18365F6-1EAB-4493-8269-FA44EC124924}.Release|Any CPU.Build.0 = Release|Any CPU
	EndGlobalSection
	GlobalSection(SolutionProperties) = preSolution
		HideSolutionNode = FALSE
	EndGlobalSection
	GlobalSection(ExtensibilityGlobals) = postSolution
		SolutionGuid = {21D3007E-6F6C-4254-B224-FCBE3D9C4F7D}
	EndGlobalSection
EndGlobal
