
Microsoft Visual Studio Solution File, Format Version 12.00
# Visual Studio Version 17
VisualStudioVersion = 17.11.35222.181
MinimumVisualStudioVersion = 10.0.40219.1
Project("{FAE04EC0-301F-11D3-BF4B-00C04F79EFBC}") = "Beadando_Dispenser", "Beadando_Dispenser\Beadando_Dispenser.csproj", "{A178292F-4F85-4405-BF21-1F353683E210}"
EndProject
Global
	GlobalSection(SolutionConfigurationPlatforms) = preSolution
		Debug|Any CPU = Debug|Any CPU
		Release|Any CPU = Release|Any CPU
	EndGlobalSection
	GlobalSection(ProjectConfigurationPlatforms) = postSolution
		{A178292F-4F85-4405-BF21-1F353683E210}.Debug|Any CPU.ActiveCfg = Debug|Any CPU
		{A178292F-4F85-4405-BF21-1F353683E210}.Debug|Any CPU.Build.0 = Debug|Any CPU
		{A178292F-4F85-4405-BF21-1F353683E210}.Release|Any CPU.ActiveCfg = Release|Any CPU
		{A178292F-4F85-4405-BF21-1F353683E210}.Release|Any CPU.Build.0 = Release|Any CPU
	EndGlobalSection
	GlobalSection(SolutionProperties) = preSolution
		HideSolutionNode = FALSE
	EndGlobalSection
	GlobalSection(ExtensibilityGlobals) = postSolution
		SolutionGuid = {F7C6E53B-DF5A-4568-A633-A0D137ABC122}
	EndGlobalSection
EndGlobal
