
Microsoft Visual Studio Solution File, Format Version 12.00
# Visual Studio Version 17
VisualStudioVersion = 17.11.35222.181
MinimumVisualStudioVersion = 10.0.40219.1
Project("{FAE04EC0-301F-11D3-BF4B-00C04F79EFBC}") = "FiherContest", "FiherContest\FiherContest.csproj", "{2EEE5FFC-7C29-48DC-9B86-736163E67B86}"
EndProject
Global
	GlobalSection(SolutionConfigurationPlatforms) = preSolution
		Debug|Any CPU = Debug|Any CPU
		Release|Any CPU = Release|Any CPU
	EndGlobalSection
	GlobalSection(ProjectConfigurationPlatforms) = postSolution
		{2EEE5FFC-7C29-48DC-9B86-736163E67B86}.Debug|Any CPU.ActiveCfg = Debug|Any CPU
		{2EEE5FFC-7C29-48DC-9B86-736163E67B86}.Debug|Any CPU.Build.0 = Debug|Any CPU
		{2EEE5FFC-7C29-48DC-9B86-736163E67B86}.Release|Any CPU.ActiveCfg = Release|Any CPU
		{2EEE5FFC-7C29-48DC-9B86-736163E67B86}.Release|Any CPU.Build.0 = Release|Any CPU
	EndGlobalSection
	GlobalSection(SolutionProperties) = preSolution
		HideSolutionNode = FALSE
	EndGlobalSection
	GlobalSection(ExtensibilityGlobals) = postSolution
		SolutionGuid = {D271A4D9-8A03-4EE8-926C-57C90A1D10EA}
	EndGlobalSection
EndGlobal
